
Microsoft Visual Studio Solution File, Format Version 12.00
Project("{FAE04EC0-301F-11D3-BF4B-00C04F79EFBC}") = "Tnh.Rijndael.core", "Tnh.Rijndael.core\Tnh.Rijndael.core.csproj", "{C2EF5DD2-3125-43E1-A783-6C3D7AD0A31E}"
EndProject
Global
	GlobalSection(SolutionConfigurationPlatforms) = preSolution
		Debug|Any CPU = Debug|Any CPU
		Release|Any CPU = Release|Any CPU
	EndGlobalSection
	GlobalSection(ProjectConfigurationPlatforms) = postSolution
		{C2EF5DD2-3125-43E1-A783-6C3D7AD0A31E}.Debug|Any CPU.ActiveCfg = Debug|Any CPU
		{C2EF5DD2-3125-43E1-A783-6C3D7AD0A31E}.Debug|Any CPU.Build.0 = Debug|Any CPU
		{C2EF5DD2-3125-43E1-A783-6C3D7AD0A31E}.Release|Any CPU.ActiveCfg = Release|Any CPU
		{C2EF5DD2-3125-43E1-A783-6C3D7AD0A31E}.Release|Any CPU.Build.0 = Release|Any CPU
	EndGlobalSection
EndGlobal
